
Microsoft Visual Studio Solution File, Format Version 12.00
# Visual Studio Version 17
VisualStudioVersion = 17.9.34607.119
MinimumVisualStudioVersion = 10.0.40219.1
Project("{FAE04EC0-301F-11D3-BF4B-00C04F79EFBC}") = "firebase_db", "firebase_db\firebase_db.csproj", "{6DD3DADD-518E-4108-B38E-17D70A3452BE}"
EndProject
Global
	GlobalSection(SolutionConfigurationPlatforms) = preSolution
		Debug|Any CPU = Debug|Any CPU
		Release|Any CPU = Release|Any CPU
	EndGlobalSection
	GlobalSection(ProjectConfigurationPlatforms) = postSolution
		{6DD3DADD-518E-4108-B38E-17D70A3452BE}.Debug|Any CPU.ActiveCfg = Debug|Any CPU
		{6DD3DADD-518E-4108-B38E-17D70A3452BE}.Debug|Any CPU.Build.0 = Debug|Any CPU
		{6DD3DADD-518E-4108-B38E-17D70A3452BE}.Release|Any CPU.ActiveCfg = Release|Any CPU
		{6DD3DADD-518E-4108-B38E-17D70A3452BE}.Release|Any CPU.Build.0 = Release|Any CPU
	EndGlobalSection
	GlobalSection(SolutionProperties) = preSolution
		HideSolutionNode = FALSE
	EndGlobalSection
	GlobalSection(ExtensibilityGlobals) = postSolution
		SolutionGuid = {1F58364F-6D45-4676-85E8-51E3DEFDD7C1}
	EndGlobalSection
EndGlobal
